// !$*UTF8*$!
{
	archiveVersion = 1;
	classes = {
	};
	objectVersion = 50;
	objects = {

/* Begin PBXBuildFile section */
		71ACA2962569062A001D0543 /* AppDelegate.swift in Sources */ = {isa = PBXBuildFile; fileRef = 71ACA2952569062A001D0543 /* AppDelegate.swift */; };
		71ACA2982569062A001D0543 /* SceneDelegate.swift in Sources */ = {isa = PBXBuildFile; fileRef = 71ACA2972569062A001D0543 /* SceneDelegate.swift */; };
		71ACA29D2569062A001D0543 /* Main.storyboard in Resources */ = {isa = PBXBuildFile; fileRef = 71ACA29B2569062A001D0543 /* Main.storyboard */; };
		71ACA29F2569062B001D0543 /* Assets.xcassets in Resources */ = {isa = PBXBuildFile; fileRef = 71ACA29E2569062B001D0543 /* Assets.xcassets */; };
		71ACA2A22569062B001D0543 /* LaunchScreen.storyboard in Resources */ = {isa = PBXBuildFile; fileRef = 71ACA2A02569062B001D0543 /* LaunchScreen.storyboard */; };
		71ACA2AD2569062B001D0543 /* DecoratorTests.swift in Sources */ = {isa = PBXBuildFile; fileRef = 71ACA2AC2569062B001D0543 /* DecoratorTests.swift */; };
		71ACA2B82569062B001D0543 /* DecoratorUITests.swift in Sources */ = {isa = PBXBuildFile; fileRef = 71ACA2B72569062B001D0543 /* DecoratorUITests.swift */; };
/* End PBXBuildFile section */

/* Begin PBXContainerItemProxy section */
		71ACA2A92569062B001D0543 /* PBXContainerItemProxy */ = {
			isa = PBXContainerItemProxy;
			containerPortal = 71ACA28A2569062A001D0543 /* Project object */;
			proxyType = 1;
			remoteGlobalIDString = 71ACA2912569062A001D0543;
			remoteInfo = Decorator;
		};
		71ACA2B42569062B001D0543 /* PBXContainerItemProxy */ = {
			isa = PBXContainerItemProxy;
			containerPortal = 71ACA28A2569062A001D0543 /* Project object */;
			proxyType = 1;
			remoteGlobalIDString = 71ACA2912569062A001D0543;
			remoteInfo = Decorator;
		};
/* End PBXContainerItemProxy section */

/* Begin PBXFileReference section */
		71ACA2922569062A001D0543 /* Decorator.app */ = {isa = PBXFileReference; explicitFileType = wrapper.application; includeInIndex = 0; path = Decorator.app; sourceTree = BUILT_PRODUCTS_DIR; };
		71ACA2952569062A001D0543 /* AppDelegate.swift */ = {isa = PBXFileReference; lastKnownFileType = sourcecode.swift; path = AppDelegate.swift; sourceTree = "<group>"; };
		71ACA2972569062A001D0543 /* SceneDelegate.swift */ = {isa = PBXFileReference; lastKnownFileType = sourcecode.swift; path = SceneDelegate.swift; sourceTree = "<group>"; };
		71ACA29C2569062A001D0543 /* Base */ = {isa = PBXFileReference; lastKnownFileType = file.storyboard; name = Base; path = Base.lproj/Main.storyboard; sourceTree = "<group>"; };
		71ACA29E2569062B001D0543 /* Assets.xcassets */ = {isa = PBXFileReference; lastKnownFileType = folder.assetcatalog; path = Assets.xcassets; sourceTree = "<group>"; };
		71ACA2A12569062B001D0543 /* Base */ = {isa = PBXFileReference; lastKnownFileType = file.storyboard; name = Base; path = Base.lproj/LaunchScreen.storyboard; sourceTree = "<group>"; };
		71ACA2A32569062B001D0543 /* Info.plist */ = {isa = PBXFileReference; lastKnownFileType = text.plist.xml; path = Info.plist; sourceTree = "<group>"; };
		71ACA2A82569062B001D0543 /* DecoratorTests.xctest */ = {isa = PBXFileReference; explicitFileType = wrapper.cfbundle; includeInIndex = 0; path = DecoratorTests.xctest; sourceTree = BUILT_PRODUCTS_DIR; };
		71ACA2AC2569062B001D0543 /* DecoratorTests.swift */ = {isa = PBXFileReference; lastKnownFileType = sourcecode.swift; path = DecoratorTests.swift; sourceTree = "<group>"; };
		71ACA2AE2569062B001D0543 /* Info.plist */ = {isa = PBXFileReference; lastKnownFileType = text.plist.xml; path = Info.plist; sourceTree = "<group>"; };
		71ACA2B32569062B001D0543 /* DecoratorUITests.xctest */ = {isa = PBXFileReference; explicitFileType = wrapper.cfbundle; includeInIndex = 0; path = DecoratorUITests.xctest; sourceTree = BUILT_PRODUCTS_DIR; };
		71ACA2B72569062B001D0543 /* DecoratorUITests.swift */ = {isa = PBXFileReference; lastKnownFileType = sourcecode.swift; path = DecoratorUITests.swift; sourceTree = "<group>"; };
		71ACA2B92569062B001D0543 /* Info.plist */ = {isa = PBXFileReference; lastKnownFileType = text.plist.xml; path = Info.plist; sourceTree = "<group>"; };
/* End PBXFileReference section */

/* Begin PBXFrameworksBuildPhase section */
		71ACA28F2569062A001D0543 /* Frameworks */ = {
			isa = PBXFrameworksBuildPhase;
			buildActionMask = 2147483647;
			files = (
			);
			runOnlyForDeploymentPostprocessing = 0;
		};
		71ACA2A52569062B001D0543 /* Frameworks */ = {
			isa = PBXFrameworksBuildPhase;
			buildActionMask = 2147483647;
			files = (
			);
			runOnlyForDeploymentPostprocessing = 0;
		};
		71ACA2B02569062B001D0543 /* Frameworks */ = {
			isa = PBXFrameworksBuildPhase;
			buildActionMask = 2147483647;
			files = (
			);
			runOnlyForDeploymentPostprocessing = 0;
		};
/* End PBXFrameworksBuildPhase section */

/* Begin PBXGroup section */
		71ACA2892569062A001D0543 = {
			isa = PBXGroup;
			children = (
				71ACA2942569062A001D0543 /* Decorator */,
				71ACA2AB2569062B001D0543 /* DecoratorTests */,
				71ACA2B62569062B001D0543 /* DecoratorUITests */,
				71ACA2932569062A001D0543 /* Products */,
			);
			sourceTree = "<group>";
		};
		71ACA2932569062A001D0543 /* Products */ = {
			isa = PBXGroup;
			children = (
				71ACA2922569062A001D0543 /* Decorator.app */,
				71ACA2A82569062B001D0543 /* DecoratorTests.xctest */,
				71ACA2B32569062B001D0543 /* DecoratorUITests.xctest */,
			);
			name = Products;
			sourceTree = "<group>";
		};
		71ACA2942569062A001D0543 /* Decorator */ = {
			isa = PBXGroup;
			children = (
				71ACA2C8256906DC001D0543 /* Support files */,
			);
			path = Decorator;
			sourceTree = "<group>";
		};
		71ACA2AB2569062B001D0543 /* DecoratorTests */ = {
			isa = PBXGroup;
			children = (
				71ACA2AC2569062B001D0543 /* DecoratorTests.swift */,
				71ACA2AE2569062B001D0543 /* Info.plist */,
			);
			path = DecoratorTests;
			sourceTree = "<group>";
		};
		71ACA2B62569062B001D0543 /* DecoratorUITests */ = {
			isa = PBXGroup;
			children = (
				71ACA2B72569062B001D0543 /* DecoratorUITests.swift */,
				71ACA2B92569062B001D0543 /* Info.plist */,
			);
			path = DecoratorUITests;
			sourceTree = "<group>";
		};
		71ACA2C8256906DC001D0543 /* Support files */ = {
			isa = PBXGroup;
			children = (
				71ACA2952569062A001D0543 /* AppDelegate.swift */,
				71ACA2972569062A001D0543 /* SceneDelegate.swift */,
				71ACA29B2569062A001D0543 /* Main.storyboard */,
				71ACA29E2569062B001D0543 /* Assets.xcassets */,
				71ACA2A02569062B001D0543 /* LaunchScreen.storyboard */,
				71ACA2A32569062B001D0543 /* Info.plist */,
			);
			path = "Support files";
			sourceTree = "<group>";
		};
/* End PBXGroup section */

/* Begin PBXNativeTarget section */
		71ACA2912569062A001D0543 /* Decorator */ = {
			isa = PBXNativeTarget;
			buildConfigurationList = 71ACA2BC2569062B001D0543 /* Build configuration list for PBXNativeTarget "Decorator" */;
			buildPhases = (
				71ACA28E2569062A001D0543 /* Sources */,
				71ACA28F2569062A001D0543 /* Frameworks */,
				71ACA2902569062A001D0543 /* Resources */,
			);
			buildRules = (
			);
			dependencies = (
			);
			name = Decorator;
			productName = Decorator;
			productReference = 71ACA2922569062A001D0543 /* Decorator.app */;
			productType = "com.apple.product-type.application";
		};
		71ACA2A72569062B001D0543 /* DecoratorTests */ = {
			isa = PBXNativeTarget;
			buildConfigurationList = 71ACA2BF2569062B001D0543 /* Build configuration list for PBXNativeTarget "DecoratorTests" */;
			buildPhases = (
				71ACA2A42569062B001D0543 /* Sources */,
				71ACA2A52569062B001D0543 /* Frameworks */,
				71ACA2A62569062B001D0543 /* Resources */,
			);
			buildRules = (
			);
			dependencies = (
				71ACA2AA2569062B001D0543 /* PBXTargetDependency */,
			);
			name = DecoratorTests;
			productName = DecoratorTests;
			productReference = 71ACA2A82569062B001D0543 /* DecoratorTests.xctest */;
			productType = "com.apple.product-type.bundle.unit-test";
		};
		71ACA2B22569062B001D0543 /* DecoratorUITests */ = {
			isa = PBXNativeTarget;
			buildConfigurationList = 71ACA2C22569062B001D0543 /* Build configuration list for PBXNativeTarget "DecoratorUITests" */;
			buildPhases = (
				71ACA2AF2569062B001D0543 /* Sources */,
				71ACA2B02569062B001D0543 /* Frameworks */,
				71ACA2B12569062B001D0543 /* Resources */,
			);
			buildRules = (
			);
			dependencies = (
				71ACA2B52569062B001D0543 /* PBXTargetDependency */,
			);
			name = DecoratorUITests;
			productName = DecoratorUITests;
			productReference = 71ACA2B32569062B001D0543 /* DecoratorUITests.xctest */;
			productType = "com.apple.product-type.bundle.ui-testing";
		};
/* End PBXNativeTarget section */

/* Begin PBXProject section */
		71ACA28A2569062A001D0543 /* Project object */ = {
			isa = PBXProject;
			attributes = {
				LastSwiftUpdateCheck = 1220;
				LastUpgradeCheck = 1220;
				TargetAttributes = {
					71ACA2912569062A001D0543 = {
						CreatedOnToolsVersion = 12.2;
					};
					71ACA2A72569062B001D0543 = {
						CreatedOnToolsVersion = 12.2;
						TestTargetID = 71ACA2912569062A001D0543;
					};
					71ACA2B22569062B001D0543 = {
						CreatedOnToolsVersion = 12.2;
						TestTargetID = 71ACA2912569062A001D0543;
					};
				};
			};
			buildConfigurationList = 71ACA28D2569062A001D0543 /* Build configuration list for PBXProject "Decorator" */;
			compatibilityVersion = "Xcode 9.3";
			developmentRegion = en;
			hasScannedForEncodings = 0;
			knownRegions = (
				en,
				Base,
			);
			mainGroup = 71ACA2892569062A001D0543;
			productRefGroup = 71ACA2932569062A001D0543 /* Products */;
			projectDirPath = "";
			projectRoot = "";
			targets = (
				71ACA2912569062A001D0543 /* Decorator */,
				71ACA2A72569062B001D0543 /* DecoratorTests */,
				71ACA2B22569062B001D0543 /* DecoratorUITests */,
			);
		};
/* End PBXProject section */

/* Begin PBXResourcesBuildPhase section */
		71ACA2902569062A001D0543 /* Resources */ = {
			isa = PBXResourcesBuildPhase;
			buildActionMask = 2147483647;
			files = (
				71ACA2A22569062B001D0543 /* LaunchScreen.storyboard in Resources */,
				71ACA29F2569062B001D0543 /* Assets.xcassets in Resources */,
				71ACA29D2569062A001D0543 /* Main.storyboard in Resources */,
			);
			runOnlyForDeploymentPostprocessing = 0;
		};
		71ACA2A62569062B001D0543 /* Resources */ = {
			isa = PBXResourcesBuildPhase;
			buildActionMask = 2147483647;
			files = (
			);
			runOnlyForDeploymentPostprocessing = 0;
		};
		71ACA2B12569062B001D0543 /* Resources */ = {
			isa = PBXResourcesBuildPhase;
			buildActionMask = 2147483647;
			files = (
			);
			runOnlyForDeploymentPostprocessing = 0;
		};
/* End PBXResourcesBuildPhase section */

/* Begin PBXSourcesBuildPhase section */
		71ACA28E2569062A001D0543 /* Sources */ = {
			isa = PBXSourcesBuildPhase;
			buildActionMask = 2147483647;
			files = (
				71ACA2962569062A001D0543 /* AppDelegate.swift in Sources */,
				71ACA2982569062A001D0543 /* SceneDelegate.swift in Sources */,
			);
			runOnlyForDeploymentPostprocessing = 0;
		};
		71ACA2A42569062B001D0543 /* Sources */ = {
			isa = PBXSourcesBuildPhase;
			buildActionMask = 2147483647;
			files = (
				71ACA2AD2569062B001D0543 /* DecoratorTests.swift in Sources */,
			);
			runOnlyForDeploymentPostprocessing = 0;
		};
		71ACA2AF2569062B001D0543 /* Sources */ = {
			isa = PBXSourcesBuildPhase;
			buildActionMask = 2147483647;
			files = (
				71ACA2B82569062B001D0543 /* DecoratorUITests.swift in Sources */,
			);
			runOnlyForDeploymentPostprocessing = 0;
		};
/* End PBXSourcesBuildPhase section */

/* Begin PBXTargetDependency section */
		71ACA2AA2569062B001D0543 /* PBXTargetDependency */ = {
			isa = PBXTargetDependency;
			target = 71ACA2912569062A001D0543 /* Decorator */;
			targetProxy = 71ACA2A92569062B001D0543 /* PBXContainerItemProxy */;
		};
		71ACA2B52569062B001D0543 /* PBXTargetDependency */ = {
			isa = PBXTargetDependency;
			target = 71ACA2912569062A001D0543 /* Decorator */;
			targetProxy = 71ACA2B42569062B001D0543 /* PBXContainerItemProxy */;
		};
/* End PBXTargetDependency section */

/* Begin PBXVariantGroup section */
		71ACA29B2569062A001D0543 /* Main.storyboard */ = {
			isa = PBXVariantGroup;
			children = (
				71ACA29C2569062A001D0543 /* Base */,
			);
			name = Main.storyboard;
			sourceTree = "<group>";
		};
		71ACA2A02569062B001D0543 /* LaunchScreen.storyboard */ = {
			isa = PBXVariantGroup;
			children = (
				71ACA2A12569062B001D0543 /* Base */,
			);
			name = LaunchScreen.storyboard;
			sourceTree = "<group>";
		};
/* End PBXVariantGroup section */

/* Begin XCBuildConfiguration section */
		71ACA2BA2569062B001D0543 /* Debug */ = {
			isa = XCBuildConfiguration;
			buildSettings = {
				ALWAYS_SEARCH_USER_PATHS = NO;
				CLANG_ANALYZER_NONNULL = YES;
				CLANG_ANALYZER_NUMBER_OBJECT_CONVERSION = YES_AGGRESSIVE;
				CLANG_CXX_LANGUAGE_STANDARD = "gnu++14";
				CLANG_CXX_LIBRARY = "libc++";
				CLANG_ENABLE_MODULES = YES;
				CLANG_ENABLE_OBJC_ARC = YES;
				CLANG_ENABLE_OBJC_WEAK = YES;
				CLANG_WARN_BLOCK_CAPTURE_AUTORELEASING = YES;
				CLANG_WARN_BOOL_CONVERSION = YES;
				CLANG_WARN_COMMA = YES;
				CLANG_WARN_CONSTANT_CONVERSION = YES;
				CLANG_WARN_DEPRECATED_OBJC_IMPLEMENTATIONS = YES;
				CLANG_WARN_DIRECT_OBJC_ISA_USAGE = YES_ERROR;
				CLANG_WARN_DOCUMENTATION_COMMENTS = YES;
				CLANG_WARN_EMPTY_BODY = YES;
				CLANG_WARN_ENUM_CONVERSION = YES;
				CLANG_WARN_INFINITE_RECURSION = YES;
				CLANG_WARN_INT_CONVERSION = YES;
				CLANG_WARN_NON_LITERAL_NULL_CONVERSION = YES;
				CLANG_WARN_OBJC_IMPLICIT_RETAIN_SELF = YES;
				CLANG_WARN_OBJC_LITERAL_CONVERSION = YES;
				CLANG_WARN_OBJC_ROOT_CLASS = YES_ERROR;
				CLANG_WARN_QUOTED_INCLUDE_IN_FRAMEWORK_HEADER = YES;
				CLANG_WARN_RANGE_LOOP_ANALYSIS = YES;
				CLANG_WARN_STRICT_PROTOTYPES = YES;
				CLANG_WARN_SUSPICIOUS_MOVE = YES;
				CLANG_WARN_UNGUARDED_AVAILABILITY = YES_AGGRESSIVE;
				CLANG_WARN_UNREACHABLE_CODE = YES;
				CLANG_WARN__DUPLICATE_METHOD_MATCH = YES;
				COPY_PHASE_STRIP = NO;
				DEBUG_INFORMATION_FORMAT = dwarf;
				ENABLE_STRICT_OBJC_MSGSEND = YES;
				ENABLE_TESTABILITY = YES;
				GCC_C_LANGUAGE_STANDARD = gnu11;
				GCC_DYNAMIC_NO_PIC = NO;
				GCC_NO_COMMON_BLOCKS = YES;
				GCC_OPTIMIZATION_LEVEL = 0;
				GCC_PREPROCESSOR_DEFINITIONS = (
					"DEBUG=1",
					"$(inherited)",
				);
				GCC_WARN_64_TO_32_BIT_CONVERSION = YES;
				GCC_WARN_ABOUT_RETURN_TYPE = YES_ERROR;
				GCC_WARN_UNDECLARED_SELECTOR = YES;
				GCC_WARN_UNINITIALIZED_AUTOS = YES_AGGRESSIVE;
				GCC_WARN_UNUSED_FUNCTION = YES;
				GCC_WARN_UNUSED_VARIABLE = YES;
				IPHONEOS_DEPLOYMENT_TARGET = 14.2;
				MTL_ENABLE_DEBUG_INFO = INCLUDE_SOURCE;
				MTL_FAST_MATH = YES;
				ONLY_ACTIVE_ARCH = YES;
				SDKROOT = iphoneos;
				SWIFT_ACTIVE_COMPILATION_CONDITIONS = DEBUG;
				SWIFT_OPTIMIZATION_LEVEL = "-Onone";
			};
			name = Debug;
		};
		71ACA2BB2569062B001D0543 /* Release */ = {
			isa = XCBuildConfiguration;
			buildSettings = {
				ALWAYS_SEARCH_USER_PATHS = NO;
				CLANG_ANALYZER_NONNULL = YES;
				CLANG_ANALYZER_NUMBER_OBJECT_CONVERSION = YES_AGGRESSIVE;
				CLANG_CXX_LANGUAGE_STANDARD = "gnu++14";
				CLANG_CXX_LIBRARY = "libc++";
				CLANG_ENABLE_MODULES = YES;
				CLANG_ENABLE_OBJC_ARC = YES;
				CLANG_ENABLE_OBJC_WEAK = YES;
				CLANG_WARN_BLOCK_CAPTURE_AUTORELEASING = YES;
				CLANG_WARN_BOOL_CONVERSION = YES;
				CLANG_WARN_COMMA = YES;
				CLANG_WARN_CONSTANT_CONVERSION = YES;
				CLANG_WARN_DEPRECATED_OBJC_IMPLEMENTATIONS = YES;
				CLANG_WARN_DIRECT_OBJC_ISA_USAGE = YES_ERROR;
				CLANG_WARN_DOCUMENTATION_COMMENTS = YES;
				CLANG_WARN_EMPTY_BODY = YES;
				CLANG_WARN_ENUM_CONVERSION = YES;
				CLANG_WARN_INFINITE_RECURSION = YES;
				CLANG_WARN_INT_CONVERSION = YES;
				CLANG_WARN_NON_LITERAL_NULL_CONVERSION = YES;
				CLANG_WARN_OBJC_IMPLICIT_RETAIN_SELF = YES;
				CLANG_WARN_OBJC_LITERAL_CONVERSION = YES;
				CLANG_WARN_OBJC_ROOT_CLASS = YES_ERROR;
				CLANG_WARN_QUOTED_INCLUDE_IN_FRAMEWORK_HEADER = YES;
				CLANG_WARN_RANGE_LOOP_ANALYSIS = YES;
				CLANG_WARN_STRICT_PROTOTYPES = YES;
				CLANG_WARN_SUSPICIOUS_MOVE = YES;
				CLANG_WARN_UNGUARDED_AVAILABILITY = YES_AGGRESSIVE;
				CLANG_WARN_UNREACHABLE_CODE = YES;
				CLANG_WARN__DUPLICATE_METHOD_MATCH = YES;
				COPY_PHASE_STRIP = NO;
				DEBUG_INFORMATION_FORMAT = "dwarf-with-dsym";
				ENABLE_NS_ASSERTIONS = NO;
				ENABLE_STRICT_OBJC_MSGSEND = YES;
				GCC_C_LANGUAGE_STANDARD = gnu11;
				GCC_NO_COMMON_BLOCKS = YES;
				GCC_WARN_64_TO_32_BIT_CONVERSION = YES;
				GCC_WARN_ABOUT_RETURN_TYPE = YES_ERROR;
				GCC_WARN_UNDECLARED_SELECTOR = YES;
				GCC_WARN_UNINITIALIZED_AUTOS = YES_AGGRESSIVE;
				GCC_WARN_UNUSED_FUNCTION = YES;
				GCC_WARN_UNUSED_VARIABLE = YES;
				IPHONEOS_DEPLOYMENT_TARGET = 14.2;
				MTL_ENABLE_DEBUG_INFO = NO;
				MTL_FAST_MATH = YES;
				SDKROOT = iphoneos;
				SWIFT_COMPILATION_MODE = wholemodule;
				SWIFT_OPTIMIZATION_LEVEL = "-O";
				VALIDATE_PRODUCT = YES;
			};
			name = Release;
		};
		71ACA2BD2569062B001D0543 /* Debug */ = {
			isa = XCBuildConfiguration;
			buildSettings = {
				ASSETCATALOG_COMPILER_APPICON_NAME = AppIcon;
				ASSETCATALOG_COMPILER_GLOBAL_ACCENT_COLOR_NAME = AccentColor;
				CODE_SIGN_STYLE = Automatic;
				DEVELOPMENT_TEAM = QU9ZBG8S59;
				INFOPLIST_FILE = "Decorator/Support files/Info.plist";
				LD_RUNPATH_SEARCH_PATHS = (
					"$(inherited)",
					"@executable_path/Frameworks",
				);
				PRODUCT_BUNDLE_IDENTIFIER = obryga.corp.Decorator;
				PRODUCT_NAME = "$(TARGET_NAME)";
				SWIFT_VERSION = 5.0;
				TARGETED_DEVICE_FAMILY = "1,2";
			};
			name = Debug;
		};
		71ACA2BE2569062B001D0543 /* Release */ = {
			isa = XCBuildConfiguration;
			buildSettings = {
				ASSETCATALOG_COMPILER_APPICON_NAME = AppIcon;
				ASSETCATALOG_COMPILER_GLOBAL_ACCENT_COLOR_NAME = AccentColor;
				CODE_SIGN_STYLE = Automatic;
				DEVELOPMENT_TEAM = QU9ZBG8S59;
				INFOPLIST_FILE = "Decorator/Support files/Info.plist";
				LD_RUNPATH_SEARCH_PATHS = (
					"$(inherited)",
					"@executable_path/Frameworks",
				);
				PRODUCT_BUNDLE_IDENTIFIER = obryga.corp.Decorator;
				PRODUCT_NAME = "$(TARGET_NAME)";
				SWIFT_VERSION = 5.0;
				TARGETED_DEVICE_FAMILY = "1,2";
			};
			name = Release;
		};
		71ACA2C02569062B001D0543 /* Debug */ = {
			isa = XCBuildConfiguration;
			buildSettings = {
				ALWAYS_EMBED_SWIFT_STANDARD_LIBRARIES = YES;
				BUNDLE_LOADER = "$(TEST_HOST)";
				CODE_SIGN_STYLE = Automatic;
				DEVELOPMENT_TEAM = QU9ZBG8S59;
				INFOPLIST_FILE = DecoratorTests/Info.plist;
				IPHONEOS_DEPLOYMENT_TARGET = 14.2;
				LD_RUNPATH_SEARCH_PATHS = (
					"$(inherited)",
					"@executable_path/Frameworks",
					"@loader_path/Frameworks",
				);
				PRODUCT_BUNDLE_IDENTIFIER = obryga.corp.DecoratorTests;
				PRODUCT_NAME = "$(TARGET_NAME)";
				SWIFT_VERSION = 5.0;
				TARGETED_DEVICE_FAMILY = "1,2";
				TEST_HOST = "$(BUILT_PRODUCTS_DIR)/Decorator.app/Decorator";
			};
			name = Debug;
		};
		71ACA2C12569062B001D0543 /* Release */ = {
			isa = XCBuildConfiguration;
			buildSettings = {
				ALWAYS_EMBED_SWIFT_STANDARD_LIBRARIES = YES;
				BUNDLE_LOADER = "$(TEST_HOST)";
				CODE_SIGN_STYLE = Automatic;
				DEVELOPMENT_TEAM = QU9ZBG8S59;
				INFOPLIST_FILE = DecoratorTests/Info.plist;
				IPHONEOS_DEPLOYMENT_TARGET = 14.2;
				LD_RUNPATH_SEARCH_PATHS = (
					"$(inherited)",
					"@executable_path/Frameworks",
					"@loader_path/Frameworks",
				);
				PRODUCT_BUNDLE_IDENTIFIER = obryga.corp.DecoratorTests;
				PRODUCT_NAME = "$(TARGET_NAME)";
				SWIFT_VERSION = 5.0;
				TARGETED_DEVICE_FAMILY = "1,2";
				TEST_HOST = "$(BUILT_PRODUCTS_DIR)/Decorator.app/Decorator";
			};
			name = Release;
		};
		71ACA2C32569062B001D0543 /* Debug */ = {
			isa = XCBuildConfiguration;
			buildSettings = {
				ALWAYS_EMBED_SWIFT_STANDARD_LIBRARIES = YES;
				CODE_SIGN_STYLE = Automatic;
				DEVELOPMENT_TEAM = QU9ZBG8S59;
				INFOPLIST_FILE = DecoratorUITests/Info.plist;
				LD_RUNPATH_SEARCH_PATHS = (
					"$(inherited)",
					"@executable_path/Frameworks",
					"@loader_path/Frameworks",
				);
				PRODUCT_BUNDLE_IDENTIFIER = obryga.corp.DecoratorUITests;
				PRODUCT_NAME = "$(TARGET_NAME)";
				SWIFT_VERSION = 5.0;
				TARGETED_DEVICE_FAMILY = "1,2";
				TEST_TARGET_NAME = Decorator;
			};
			name = Debug;
		};
		71ACA2C42569062B001D0543 /* Release */ = {
			isa = XCBuildConfiguration;
			buildSettings = {
				ALWAYS_EMBED_SWIFT_STANDARD_LIBRARIES = YES;
				CODE_SIGN_STYLE = Automatic;
				DEVELOPMENT_TEAM = QU9ZBG8S59;
				INFOPLIST_FILE = DecoratorUITests/Info.plist;
				LD_RUNPATH_SEARCH_PATHS = (
					"$(inherited)",
					"@executable_path/Frameworks",
					"@loader_path/Frameworks",
				);
				PRODUCT_BUNDLE_IDENTIFIER = obryga.corp.DecoratorUITests;
				PRODUCT_NAME = "$(TARGET_NAME)";
				SWIFT_VERSION = 5.0;
				TARGETED_DEVICE_FAMILY = "1,2";
				TEST_TARGET_NAME = Decorator;
			};
			name = Release;
		};
/* End XCBuildConfiguration section */

/* Begin XCConfigurationList section */
		71ACA28D2569062A001D0543 /* Build configuration list for PBXProject "Decorator" */ = {
			isa = XCConfigurationList;
			buildConfigurations = (
				71ACA2BA2569062B001D0543 /* Debug */,
				71ACA2BB2569062B001D0543 /* Release */,
			);
			defaultConfigurationIsVisible = 0;
			defaultConfigurationName = Release;
		};
		71ACA2BC2569062B001D0543 /* Build configuration list for PBXNativeTarget "Decorator" */ = {
			isa = XCConfigurationList;
			buildConfigurations = (
				71ACA2BD2569062B001D0543 /* Debug */,
				71ACA2BE2569062B001D0543 /* Release */,
			);
			defaultConfigurationIsVisible = 0;
			defaultConfigurationName = Release;
		};
		71ACA2BF2569062B001D0543 /* Build configuration list for PBXNativeTarget "DecoratorTests" */ = {
			isa = XCConfigurationList;
			buildConfigurations = (
				71ACA2C02569062B001D0543 /* Debug */,
				71ACA2C12569062B001D0543 /* Release */,
			);
			defaultConfigurationIsVisible = 0;
			defaultConfigurationName = Release;
		};
		71ACA2C22569062B001D0543 /* Build configuration list for PBXNativeTarget "DecoratorUITests" */ = {
			isa = XCConfigurationList;
			buildConfigurations = (
				71ACA2C32569062B001D0543 /* Debug */,
				71ACA2C42569062B001D0543 /* Release */,
			);
			defaultConfigurationIsVisible = 0;
			defaultConfigurationName = Release;
		};
/* End XCConfigurationList section */
	};
	rootObject = 71ACA28A2569062A001D0543 /* Project object */;
}
